
Microsoft Visual Studio Solution File, Format Version 12.00
# Visual Studio Version 16
VisualStudioVersion = 16.0.29123.88
MinimumVisualStudioVersion = 10.0.40219.1
Project("{9A19103F-16F7-4668-BE54-9A1E7A4F7556}") = "AndroidJNIConstructor", "AndroidJNIConstructor\AndroidJNIConstructor\AndroidJNIConstructor.csproj", "{24EA3077-D861-4B02-85B3-126C28D51D90}"
EndProject
Project("{2150E333-8FDC-42A3-9474-1A3956D46DE8}") = "AndroidJNIConstructor", "AndroidJNIConstructor", "{1F8E9783-7F65-40B7-9491-AB30159DB1FC}"
EndProject
Global
	GlobalSection(SolutionConfigurationPlatforms) = preSolution
		Debug|Any CPU = Debug|Any CPU
		Release|Any CPU = Release|Any CPU
	EndGlobalSection
	GlobalSection(ProjectConfigurationPlatforms) = postSolution
		{24EA3077-D861-4B02-85B3-126C28D51D90}.Debug|Any CPU.ActiveCfg = Debug|Any CPU
		{24EA3077-D861-4B02-85B3-126C28D51D90}.Debug|Any CPU.Build.0 = Debug|Any CPU
		{24EA3077-D861-4B02-85B3-126C28D51D90}.Release|Any CPU.ActiveCfg = Release|Any CPU
		{24EA3077-D861-4B02-85B3-126C28D51D90}.Release|Any CPU.Build.0 = Release|Any CPU
	EndGlobalSection
	GlobalSection(SolutionProperties) = preSolution
		HideSolutionNode = FALSE
	EndGlobalSection
	GlobalSection(NestedProjects) = preSolution
		{24EA3077-D861-4B02-85B3-126C28D51D90} = {1F8E9783-7F65-40B7-9491-AB30159DB1FC}
	EndGlobalSection
	GlobalSection(ExtensibilityGlobals) = postSolution
		SolutionGuid = {3856CDA5-4E68-42A8-83BC-28589B26BB18}
	EndGlobalSection
EndGlobal
